{
  "name": "xtdb-ts",
  "version": "0.0.1",
  "lockfileVersion": 2,
  "requires": true,
  "packages": {
    "": {
      "name": "xtdb-ts",
      "version": "0.0.1",
      "license": "MIT",
      "dependencies": {
        "@types/whatwg-url": "^8.2.1",
        "edn-data": "^0.2.0",
        "node-fetch": "^3.1.0",
        "typescript": "^4.5.4",
        "whatwg-url": "^11.0.0"
      }
    },
    "node_modules/@types/node": {
      "version": "17.0.0",
      "resolved": "https://registry.npmjs.org/@types/node/-/node-17.0.0.tgz",
      "integrity": "sha512-eMhwJXc931Ihh4tkU+Y7GiLzT/y/DBNpNtr4yU9O2w3SYBsr9NaOPhQlLKRmoWtI54uNwuo0IOUFQjVOTZYRvw=="
    },
    "node_modules/@types/webidl-conversions": {
      "version": "6.1.1",
      "resolved": "https://registry.npmjs.org/@types/webidl-conversions/-/webidl-conversions-6.1.1.tgz",
      "integrity": "sha512-XAahCdThVuCFDQLT7R7Pk/vqeObFNL3YqRyFZg+AqAP/W1/w3xHaIxuW7WszQqTbIBOPRcItYJIou3i/mppu3Q=="
    },
    "node_modules/@types/whatwg-url": {
      "version": "8.2.1",
      "resolved": "https://registry.npmjs.org/@types/whatwg-url/-/whatwg-url-8.2.1.tgz",
      "integrity": "sha512-2YubE1sjj5ifxievI5Ge1sckb9k/Er66HyR2c+3+I6VDUUg1TLPdYYTEbQ+DjRkS4nTxMJhgWfSfMRD2sl2EYQ==",
      "dependencies": {
        "@types/node": "*",
        "@types/webidl-conversions": "*"
      }
    },
    "node_modules/data-uri-to-buffer": {
      "version": "4.0.0",
      "resolved": "https://registry.npmjs.org/data-uri-to-buffer/-/data-uri-to-buffer-4.0.0.tgz",
      "integrity": "sha512-Vr3mLBA8qWmcuschSLAOogKgQ/Jwxulv3RNE4FXnYWRGujzrRWQI4m12fQqRkwX06C0KanhLr4hK+GydchZsaA==",
      "engines": {
        "node": ">= 12"
      }
    },
    "node_modules/edn-data": {
      "version": "0.2.0",
      "resolved": "https://registry.npmjs.org/edn-data/-/edn-data-0.2.0.tgz",
      "integrity": "sha512-fdwcWAsaCmiUmngxOJr+L2/UCijwCJuLGEoM9CR6QvJS1GVlKa79piTKufvD+qU4+oZGi01uRQVvTTIL5qPrvw=="
    },
    "node_modules/fetch-blob": {
      "version": "3.1.3",
      "resolved": "https://registry.npmjs.org/fetch-blob/-/fetch-blob-3.1.3.tgz",
      "integrity": "sha512-ax1Y5I9w+9+JiM+wdHkhBoxew+zG4AJ2SvAD1v1szpddUIiPERVGBxrMcB2ZqW0Y3PP8bOWYv2zqQq1Jp2kqUQ==",
      "funding": [
        {
          "type": "github",
          "url": "https://github.com/sponsors/jimmywarting"
        },
        {
          "type": "paypal",
          "url": "https://paypal.me/jimmywarting"
        }
      ],
      "dependencies": {
        "web-streams-polyfill": "^3.0.3"
      },
      "engines": {
        "node": "^12.20 || >= 14.13"
      }
    },
    "node_modules/formdata-polyfill": {
      "version": "4.0.10",
      "resolved": "https://registry.npmjs.org/formdata-polyfill/-/formdata-polyfill-4.0.10.tgz",
      "integrity": "sha512-buewHzMvYL29jdeQTVILecSaZKnt/RJWjoZCF5OW60Z67/GmSLBkOFM7qh1PI3zFNtJbaZL5eQu1vLfazOwj4g==",
      "dependencies": {
        "fetch-blob": "^3.1.2"
      },
      "engines": {
        "node": ">=12.20.0"
      }
    },
    "node_modules/node-fetch": {
      "version": "3.1.0",
      "resolved": "https://registry.npmjs.org/node-fetch/-/node-fetch-3.1.0.tgz",
      "integrity": "sha512-QU0WbIfMUjd5+MUzQOYhenAazakV7Irh1SGkWCsRzBwvm4fAhzEUaHMJ6QLP7gWT6WO9/oH2zhKMMGMuIrDyKw==",
      "dependencies": {
        "data-uri-to-buffer": "^4.0.0",
        "fetch-blob": "^3.1.2",
        "formdata-polyfill": "^4.0.10"
      },
      "engines": {
        "node": "^12.20.0 || ^14.13.1 || >=16.0.0"
      },
      "funding": {
        "type": "opencollective",
        "url": "https://opencollective.com/node-fetch"
      }
    },
    "node_modules/punycode": {
      "version": "2.1.1",
      "resolved": "https://registry.npmjs.org/punycode/-/punycode-2.1.1.tgz",
      "integrity": "sha512-XRsRjdf+j5ml+y/6GKHPZbrF/8p2Yga0JPtdqTIY2Xe5ohJPD9saDJJLPvp9+NSBprVvevdXZybnj2cv8OEd0A==",
      "engines": {
        "node": ">=6"
      }
    },
    "node_modules/tr46": {
      "version": "3.0.0",
      "resolved": "https://registry.npmjs.org/tr46/-/tr46-3.0.0.tgz",
      "integrity": "sha512-l7FvfAHlcmulp8kr+flpQZmVwtu7nfRV7NZujtN0OqES8EL4O4e0qqzL0DC5gAvx/ZC/9lk6rhcUwYvkBnBnYA==",
      "dependencies": {
        "punycode": "^2.1.1"
      },
      "engines": {
        "node": ">=12"
      }
    },
    "node_modules/typescript": {
      "version": "4.5.4",
      "resolved": "https://registry.npmjs.org/typescript/-/typescript-4.5.4.tgz",
      "integrity": "sha512-VgYs2A2QIRuGphtzFV7aQJduJ2gyfTljngLzjpfW9FoYZF6xuw1W0vW9ghCKLfcWrCFxK81CSGRAvS1pn4fIUg==",
      "bin": {
        "tsc": "bin/tsc",
        "tsserver": "bin/tsserver"
      },
      "engines": {
        "node": ">=4.2.0"
      }
    },
    "node_modules/web-streams-polyfill": {
      "version": "3.2.0",
      "resolved": "https://registry.npmjs.org/web-streams-polyfill/-/web-streams-polyfill-3.2.0.tgz",
      "integrity": "sha512-EqPmREeOzttaLRm5HS7io98goBgZ7IVz79aDvqjD0kYXLtFZTc0T/U6wHTPKyIjb+MdN7DFIIX6hgdBEpWmfPA==",
      "engines": {
        "node": ">= 8"
      }
    },
    "node_modules/webidl-conversions": {
      "version": "7.0.0",
      "resolved": "https://registry.npmjs.org/webidl-conversions/-/webidl-conversions-7.0.0.tgz",
      "integrity": "sha512-VwddBukDzu71offAQR975unBIGqfKZpM+8ZX6ySk8nYhVoo5CYaZyzt3YBvYtRtO+aoGlqxPg/B87NGVZ/fu6g==",
      "engines": {
        "node": ">=12"
      }
    },
    "node_modules/whatwg-url": {
      "version": "11.0.0",
      "resolved": "https://registry.npmjs.org/whatwg-url/-/whatwg-url-11.0.0.tgz",
      "integrity": "sha512-RKT8HExMpoYx4igMiVMY83lN6UeITKJlBQ+vR/8ZJ8OCdSiN3RwCq+9gH0+Xzj0+5IrM6i4j/6LuvzbZIQgEcQ==",
      "dependencies": {
        "tr46": "^3.0.0",
        "webidl-conversions": "^7.0.0"
      },
      "engines": {
        "node": ">=12"
      }
    }
  },
  "dependencies": {
    "@types/node": {
      "version": "17.0.0",
      "resolved": "https://registry.npmjs.org/@types/node/-/node-17.0.0.tgz",
      "integrity": "sha512-eMhwJXc931Ihh4tkU+Y7GiLzT/y/DBNpNtr4yU9O2w3SYBsr9NaOPhQlLKRmoWtI54uNwuo0IOUFQjVOTZYRvw=="
    },
    "@types/webidl-conversions": {
      "version": "6.1.1",
      "resolved": "https://registry.npmjs.org/@types/webidl-conversions/-/webidl-conversions-6.1.1.tgz",
      "integrity": "sha512-XAahCdThVuCFDQLT7R7Pk/vqeObFNL3YqRyFZg+AqAP/W1/w3xHaIxuW7WszQqTbIBOPRcItYJIou3i/mppu3Q=="
    },
    "@types/whatwg-url": {
      "version": "8.2.1",
      "resolved": "https://registry.npmjs.org/@types/whatwg-url/-/whatwg-url-8.2.1.tgz",
      "integrity": "sha512-2YubE1sjj5ifxievI5Ge1sckb9k/Er66HyR2c+3+I6VDUUg1TLPdYYTEbQ+DjRkS4nTxMJhgWfSfMRD2sl2EYQ==",
      "requires": {
        "@types/node": "*",
        "@types/webidl-conversions": "*"
      }
    },
    "data-uri-to-buffer": {
      "version": "4.0.0",
      "resolved": "https://registry.npmjs.org/data-uri-to-buffer/-/data-uri-to-buffer-4.0.0.tgz",
      "integrity": "sha512-Vr3mLBA8qWmcuschSLAOogKgQ/Jwxulv3RNE4FXnYWRGujzrRWQI4m12fQqRkwX06C0KanhLr4hK+GydchZsaA=="
    },
    "edn-data": {
      "version": "0.2.0",
      "resolved": "https://registry.npmjs.org/edn-data/-/edn-data-0.2.0.tgz",
      "integrity": "sha512-fdwcWAsaCmiUmngxOJr+L2/UCijwCJuLGEoM9CR6QvJS1GVlKa79piTKufvD+qU4+oZGi01uRQVvTTIL5qPrvw=="
    },
    "fetch-blob": {
      "version": "3.1.3",
      "resolved": "https://registry.npmjs.org/fetch-blob/-/fetch-blob-3.1.3.tgz",
      "integrity": "sha512-ax1Y5I9w+9+JiM+wdHkhBoxew+zG4AJ2SvAD1v1szpddUIiPERVGBxrMcB2ZqW0Y3PP8bOWYv2zqQq1Jp2kqUQ==",
      "requires": {
        "web-streams-polyfill": "^3.0.3"
      }
    },
    "formdata-polyfill": {
      "version": "4.0.10",
      "resolved": "https://registry.npmjs.org/formdata-polyfill/-/formdata-polyfill-4.0.10.tgz",
      "integrity": "sha512-buewHzMvYL29jdeQTVILecSaZKnt/RJWjoZCF5OW60Z67/GmSLBkOFM7qh1PI3zFNtJbaZL5eQu1vLfazOwj4g==",
      "requires": {
        "fetch-blob": "^3.1.2"
      }
    },
    "node-fetch": {
      "version": "3.1.0",
      "resolved": "https://registry.npmjs.org/node-fetch/-/node-fetch-3.1.0.tgz",
      "integrity": "sha512-QU0WbIfMUjd5+MUzQOYhenAazakV7Irh1SGkWCsRzBwvm4fAhzEUaHMJ6QLP7gWT6WO9/oH2zhKMMGMuIrDyKw==",
      "requires": {
        "data-uri-to-buffer": "^4.0.0",
        "fetch-blob": "^3.1.2",
        "formdata-polyfill": "^4.0.10"
      }
    },
    "punycode": {
      "version": "2.1.1",
      "resolved": "https://registry.npmjs.org/punycode/-/punycode-2.1.1.tgz",
      "integrity": "sha512-XRsRjdf+j5ml+y/6GKHPZbrF/8p2Yga0JPtdqTIY2Xe5ohJPD9saDJJLPvp9+NSBprVvevdXZybnj2cv8OEd0A=="
    },
    "tr46": {
      "version": "3.0.0",
      "resolved": "https://registry.npmjs.org/tr46/-/tr46-3.0.0.tgz",
      "integrity": "sha512-l7FvfAHlcmulp8kr+flpQZmVwtu7nfRV7NZujtN0OqES8EL4O4e0qqzL0DC5gAvx/ZC/9lk6rhcUwYvkBnBnYA==",
      "requires": {
        "punycode": "^2.1.1"
      }
    },
    "typescript": {
      "version": "4.5.4",
      "resolved": "https://registry.npmjs.org/typescript/-/typescript-4.5.4.tgz",
      "integrity": "sha512-VgYs2A2QIRuGphtzFV7aQJduJ2gyfTljngLzjpfW9FoYZF6xuw1W0vW9ghCKLfcWrCFxK81CSGRAvS1pn4fIUg=="
    },
    "web-streams-polyfill": {
      "version": "3.2.0",
      "resolved": "https://registry.npmjs.org/web-streams-polyfill/-/web-streams-polyfill-3.2.0.tgz",
      "integrity": "sha512-EqPmREeOzttaLRm5HS7io98goBgZ7IVz79aDvqjD0kYXLtFZTc0T/U6wHTPKyIjb+MdN7DFIIX6hgdBEpWmfPA=="
    },
    "webidl-conversions": {
      "version": "7.0.0",
      "resolved": "https://registry.npmjs.org/webidl-conversions/-/webidl-conversions-7.0.0.tgz",
      "integrity": "sha512-VwddBukDzu71offAQR975unBIGqfKZpM+8ZX6ySk8nYhVoo5CYaZyzt3YBvYtRtO+aoGlqxPg/B87NGVZ/fu6g=="
    },
    "whatwg-url": {
      "version": "11.0.0",
      "resolved": "https://registry.npmjs.org/whatwg-url/-/whatwg-url-11.0.0.tgz",
      "integrity": "sha512-RKT8HExMpoYx4igMiVMY83lN6UeITKJlBQ+vR/8ZJ8OCdSiN3RwCq+9gH0+Xzj0+5IrM6i4j/6LuvzbZIQgEcQ==",
      "requires": {
        "tr46": "^3.0.0",
        "webidl-conversions": "^7.0.0"
      }
    }
  }
}
